
Microsoft Visual Studio Solution File, Format Version 12.00
# Visual Studio Version 17
VisualStudioVersion = 17.7.34221.43
MinimumVisualStudioVersion = 10.0.40219.1
Project("{9A19103F-16F7-4668-BE54-9A1E7A4F7556}") = "Project1", "Project1\Project1.csproj", "{6C208AED-EDEE-4560-BB24-F1ADA225F98F}"
EndProject
Project("{54A90642-561A-4BB1-A94E-469ADEE60C69}") = "ExpressProject1", "ExpressProject1\ExpressProject1.esproj", "{55ECBBD2-AB5C-46BD-9FF4-2BFF689457BD}"
EndProject
Global
	GlobalSection(SolutionConfigurationPlatforms) = preSolution
		Debug|Any CPU = Debug|Any CPU
		Release|Any CPU = Release|Any CPU
	EndGlobalSection
	GlobalSection(ProjectConfigurationPlatforms) = postSolution
		{6C208AED-EDEE-4560-BB24-F1ADA225F98F}.Debug|Any CPU.ActiveCfg = Debug|Any CPU
		{6C208AED-EDEE-4560-BB24-F1ADA225F98F}.Debug|Any CPU.Build.0 = Debug|Any CPU
		{6C208AED-EDEE-4560-BB24-F1ADA225F98F}.Release|Any CPU.ActiveCfg = Release|Any CPU
		{6C208AED-EDEE-4560-BB24-F1ADA225F98F}.Release|Any CPU.Build.0 = Release|Any CPU
		{55ECBBD2-AB5C-46BD-9FF4-2BFF689457BD}.Debug|Any CPU.ActiveCfg = Debug|Any CPU
		{55ECBBD2-AB5C-46BD-9FF4-2BFF689457BD}.Debug|Any CPU.Build.0 = Debug|Any CPU
		{55ECBBD2-AB5C-46BD-9FF4-2BFF689457BD}.Debug|Any CPU.Deploy.0 = Debug|Any CPU
		{55ECBBD2-AB5C-46BD-9FF4-2BFF689457BD}.Release|Any CPU.ActiveCfg = Release|Any CPU
		{55ECBBD2-AB5C-46BD-9FF4-2BFF689457BD}.Release|Any CPU.Build.0 = Release|Any CPU
		{55ECBBD2-AB5C-46BD-9FF4-2BFF689457BD}.Release|Any CPU.Deploy.0 = Release|Any CPU
	EndGlobalSection
	GlobalSection(SolutionProperties) = preSolution
		HideSolutionNode = FALSE
	EndGlobalSection
	GlobalSection(ExtensibilityGlobals) = postSolution
		SolutionGuid = {4206138C-0C4F-45AC-9710-56F4710C4623}
	EndGlobalSection
EndGlobal
